// !$*UTF8*$!
{
	archiveVersion = 1;
	classes = {
	};
	objectVersion = 56;
	objects = {

/* Begin PBXBuildFile section */
		98B622392BED7FE300E84EAD /* AppDelegate.swift in Sources */ = {isa = PBXBuildFile; fileRef = 98B622382BED7FE300E84EAD /* AppDelegate.swift */; };
		98B6223B2BED7FE300E84EAD /* SceneDelegate.swift in Sources */ = {isa = PBXBuildFile; fileRef = 98B6223A2BED7FE300E84EAD /* SceneDelegate.swift */; };
		98B6223D2BED7FE300E84EAD /* ViewController.swift in Sources */ = {isa = PBXBuildFile; fileRef = 98B6223C2BED7FE300E84EAD /* ViewController.swift */; };
		98B622402BED7FE300E84EAD /* Base in Resources */ = {isa = PBXBuildFile; fileRef = 98B6223F2BED7FE300E84EAD /* Base */; };
		98B622422BED7FE900E84EAD /* Assets.xcassets in Resources */ = {isa = PBXBuildFile; fileRef = 98B622412BED7FE900E84EAD /* Assets.xcassets */; };
		98B622452BED7FE900E84EAD /* Base in Resources */ = {isa = PBXBuildFile; fileRef = 98B622442BED7FE900E84EAD /* Base */; };
		98B6224D2BEED32400E84EAD /* HomeTableViewHeader.xib in Resources */ = {isa = PBXBuildFile; fileRef = 98B6224C2BEED32400E84EAD /* HomeTableViewHeader.xib */; };
		98B6224F2BEED67900E84EAD /* HomeTableViewHeader.swift in Sources */ = {isa = PBXBuildFile; fileRef = 98B6224E2BEED67900E84EAD /* HomeTableViewHeader.swift */; };
		98B622582BF503AD00E84EAD /* ViagemTableViewCell.swift in Sources */ = {isa = PBXBuildFile; fileRef = 98B622562BF503AD00E84EAD /* ViagemTableViewCell.swift */; };
		98B622592BF503AD00E84EAD /* ViagemTableViewCell.xib in Resources */ = {isa = PBXBuildFile; fileRef = 98B622572BF503AD00E84EAD /* ViagemTableViewCell.xib */; };
		98B6226A2BF52AA000E84EAD /* ViagemViewModel.swift in Sources */ = {isa = PBXBuildFile; fileRef = 98B622692BF52AA000E84EAD /* ViagemViewModel.swift */; };
		98B6226C2BF52BE000E84EAD /* ViagemDestaqueViewModel.swift in Sources */ = {isa = PBXBuildFile; fileRef = 98B6226B2BF52BE000E84EAD /* ViagemDestaqueViewModel.swift */; };
		98B622882BF5313600E84EAD /* DecodableData.swift in Sources */ = {isa = PBXBuildFile; fileRef = 98B622852BF5313600E84EAD /* DecodableData.swift */; };
		98B622892BF5313600E84EAD /* Viagem.swift in Sources */ = {isa = PBXBuildFile; fileRef = 98B622862BF5313600E84EAD /* Viagem.swift */; };
		98B6228A2BF5313600E84EAD /* TiposDeViagens.swift in Sources */ = {isa = PBXBuildFile; fileRef = 98B622872BF5313600E84EAD /* TiposDeViagens.swift */; };
		98B6228D2BF53BF300E84EAD /* server-response.json in Resources */ = {isa = PBXBuildFile; fileRef = 98B6228C2BF53BF300E84EAD /* server-response.json */; };
		98B622902BF53C7A00E84EAD /* UIView+Extension.swift in Sources */ = {isa = PBXBuildFile; fileRef = 98B6228F2BF53C7A00E84EAD /* UIView+Extension.swift */; };
/* End PBXBuildFile section */

/* Begin PBXFileReference section */
		98B622352BED7FE300E84EAD /* AluraViagens.app */ = {isa = PBXFileReference; explicitFileType = wrapper.application; includeInIndex = 0; path = AluraViagens.app; sourceTree = BUILT_PRODUCTS_DIR; };
		98B622382BED7FE300E84EAD /* AppDelegate.swift */ = {isa = PBXFileReference; lastKnownFileType = sourcecode.swift; path = AppDelegate.swift; sourceTree = "<group>"; };
		98B6223A2BED7FE300E84EAD /* SceneDelegate.swift */ = {isa = PBXFileReference; lastKnownFileType = sourcecode.swift; path = SceneDelegate.swift; sourceTree = "<group>"; };
		98B6223C2BED7FE300E84EAD /* ViewController.swift */ = {isa = PBXFileReference; lastKnownFileType = sourcecode.swift; path = ViewController.swift; sourceTree = "<group>"; };
		98B6223F2BED7FE300E84EAD /* Base */ = {isa = PBXFileReference; lastKnownFileType = file.storyboard; name = Base; path = Base.lproj/Main.storyboard; sourceTree = "<group>"; };
		98B622412BED7FE900E84EAD /* Assets.xcassets */ = {isa = PBXFileReference; lastKnownFileType = folder.assetcatalog; path = Assets.xcassets; sourceTree = "<group>"; };
		98B622442BED7FE900E84EAD /* Base */ = {isa = PBXFileReference; lastKnownFileType = file.storyboard; name = Base; path = Base.lproj/LaunchScreen.storyboard; sourceTree = "<group>"; };
		98B622462BED7FE900E84EAD /* Info.plist */ = {isa = PBXFileReference; lastKnownFileType = text.plist.xml; path = Info.plist; sourceTree = "<group>"; };
		98B6224C2BEED32400E84EAD /* HomeTableViewHeader.xib */ = {isa = PBXFileReference; lastKnownFileType = file.xib; path = HomeTableViewHeader.xib; sourceTree = "<group>"; };
		98B6224E2BEED67900E84EAD /* HomeTableViewHeader.swift */ = {isa = PBXFileReference; lastKnownFileType = sourcecode.swift; path = HomeTableViewHeader.swift; sourceTree = "<group>"; };
		98B622562BF503AD00E84EAD /* ViagemTableViewCell.swift */ = {isa = PBXFileReference; lastKnownFileType = sourcecode.swift; path = ViagemTableViewCell.swift; sourceTree = "<group>"; };
		98B622572BF503AD00E84EAD /* ViagemTableViewCell.xib */ = {isa = PBXFileReference; lastKnownFileType = file.xib; path = ViagemTableViewCell.xib; sourceTree = "<group>"; };
		98B622692BF52AA000E84EAD /* ViagemViewModel.swift */ = {isa = PBXFileReference; lastKnownFileType = sourcecode.swift; path = ViagemViewModel.swift; sourceTree = "<group>"; };
		98B6226B2BF52BE000E84EAD /* ViagemDestaqueViewModel.swift */ = {isa = PBXFileReference; lastKnownFileType = sourcecode.swift; path = ViagemDestaqueViewModel.swift; sourceTree = "<group>"; };
		98B622852BF5313600E84EAD /* DecodableData.swift */ = {isa = PBXFileReference; fileEncoding = 4; lastKnownFileType = sourcecode.swift; name = DecodableData.swift; path = "../../../../Downloads/Arquivos Swift-2/arquivos/DecodableData.swift"; sourceTree = "<group>"; };
		98B622862BF5313600E84EAD /* Viagem.swift */ = {isa = PBXFileReference; fileEncoding = 4; lastKnownFileType = sourcecode.swift; name = Viagem.swift; path = "../../../../Downloads/Arquivos Swift-2/arquivos/Viagem.swift"; sourceTree = "<group>"; };
		98B622872BF5313600E84EAD /* TiposDeViagens.swift */ = {isa = PBXFileReference; fileEncoding = 4; lastKnownFileType = sourcecode.swift; name = TiposDeViagens.swift; path = "../../../../Downloads/Arquivos Swift-2/arquivos/TiposDeViagens.swift"; sourceTree = "<group>"; };
		98B6228C2BF53BF300E84EAD /* server-response.json */ = {isa = PBXFileReference; fileEncoding = 4; lastKnownFileType = text.json; name = "server-response.json"; path = "../../../../Downloads/Arquivos Swift-2/arquivos/server-response.json"; sourceTree = "<group>"; };
		98B6228F2BF53C7A00E84EAD /* UIView+Extension.swift */ = {isa = PBXFileReference; fileEncoding = 4; lastKnownFileType = sourcecode.swift; name = "UIView+Extension.swift"; path = "../../../../Downloads/Arquivos Swift-2/arquivos/UIView+Extension.swift"; sourceTree = "<group>"; };
/* End PBXFileReference section */

/* Begin PBXFrameworksBuildPhase section */
		98B622322BED7FE300E84EAD /* Frameworks */ = {
			isa = PBXFrameworksBuildPhase;
			buildActionMask = 2147483647;
			files = (
			);
			runOnlyForDeploymentPostprocessing = 0;
		};
/* End PBXFrameworksBuildPhase section */

/* Begin PBXGroup section */
		98B6222C2BED7FE300E84EAD = {
			isa = PBXGroup;
			children = (
				98B622372BED7FE300E84EAD /* AluraViagens */,
				98B622362BED7FE300E84EAD /* Products */,
			);
			sourceTree = "<group>";
		};
		98B622362BED7FE300E84EAD /* Products */ = {
			isa = PBXGroup;
			children = (
				98B622352BED7FE300E84EAD /* AluraViagens.app */,
			);
			name = Products;
			sourceTree = "<group>";
		};
		98B622372BED7FE300E84EAD /* AluraViagens */ = {
			isa = PBXGroup;
			children = (
				98B622842BF5310400E84EAD /* Models */,
				98B622502BF4EE1200E84EAD /* AppDelegate */,
				98B622522BF4EE5500E84EAD /* View */,
				98B622542BF4EEC500E84EAD /* ViewModel */,
				98B6228B2BF53B9A00E84EAD /* Mock */,
				98B6228E2BF53BFE00E84EAD /* Extensions */,
				98B622412BED7FE900E84EAD /* Assets.xcassets */,
				98B622432BED7FE900E84EAD /* LaunchScreen.storyboard */,
				98B622462BED7FE900E84EAD /* Info.plist */,
			);
			path = AluraViagens;
			sourceTree = "<group>";
		};
		98B622502BF4EE1200E84EAD /* AppDelegate */ = {
			isa = PBXGroup;
			children = (
				98B6223A2BED7FE300E84EAD /* SceneDelegate.swift */,
				98B622382BED7FE300E84EAD /* AppDelegate.swift */,
			);
			path = AppDelegate;
			sourceTree = "<group>";
		};
		98B622522BF4EE5500E84EAD /* View */ = {
			isa = PBXGroup;
			children = (
				98B6223C2BED7FE300E84EAD /* ViewController.swift */,
				98B6223E2BED7FE300E84EAD /* Main.storyboard */,
				98B622532BF4EE7500E84EAD /* Header */,
				98B622552BF5032500E84EAD /* Cells */,
			);
			path = View;
			sourceTree = "<group>";
		};
		98B622532BF4EE7500E84EAD /* Header */ = {
			isa = PBXGroup;
			children = (
				98B6224C2BEED32400E84EAD /* HomeTableViewHeader.xib */,
				98B6224E2BEED67900E84EAD /* HomeTableViewHeader.swift */,
			);
			path = Header;
			sourceTree = "<group>";
		};
		98B622542BF4EEC500E84EAD /* ViewModel */ = {
			isa = PBXGroup;
			children = (
				98B622692BF52AA000E84EAD /* ViagemViewModel.swift */,
				98B6226B2BF52BE000E84EAD /* ViagemDestaqueViewModel.swift */,
			);
			path = ViewModel;
			sourceTree = "<group>";
		};
		98B622552BF5032500E84EAD /* Cells */ = {
			isa = PBXGroup;
			children = (
				98B622562BF503AD00E84EAD /* ViagemTableViewCell.swift */,
				98B622572BF503AD00E84EAD /* ViagemTableViewCell.xib */,
			);
			path = Cells;
			sourceTree = "<group>";
		};
		98B622842BF5310400E84EAD /* Models */ = {
			isa = PBXGroup;
			children = (
				98B622852BF5313600E84EAD /* DecodableData.swift */,
				98B622872BF5313600E84EAD /* TiposDeViagens.swift */,
				98B622862BF5313600E84EAD /* Viagem.swift */,
			);
			path = Models;
			sourceTree = "<group>";
		};
		98B6228B2BF53B9A00E84EAD /* Mock */ = {
			isa = PBXGroup;
			children = (
				98B6228C2BF53BF300E84EAD /* server-response.json */,
			);
			path = Mock;
			sourceTree = "<group>";
		};
		98B6228E2BF53BFE00E84EAD /* Extensions */ = {
			isa = PBXGroup;
			children = (
				98B6228F2BF53C7A00E84EAD /* UIView+Extension.swift */,
			);
			path = Extensions;
			sourceTree = "<group>";
		};
/* End PBXGroup section */

/* Begin PBXNativeTarget section */
		98B622342BED7FE300E84EAD /* AluraViagens */ = {
			isa = PBXNativeTarget;
			buildConfigurationList = 98B622492BED7FE900E84EAD /* Build configuration list for PBXNativeTarget "AluraViagens" */;
			buildPhases = (
				98B622312BED7FE300E84EAD /* Sources */,
				98B622322BED7FE300E84EAD /* Frameworks */,
				98B622332BED7FE300E84EAD /* Resources */,
			);
			buildRules = (
			);
			dependencies = (
			);
			name = AluraViagens;
			productName = AluraViagens;
			productReference = 98B622352BED7FE300E84EAD /* AluraViagens.app */;
			productType = "com.apple.product-type.application";
		};
/* End PBXNativeTarget section */

/* Begin PBXProject section */
		98B6222D2BED7FE300E84EAD /* Project object */ = {
			isa = PBXProject;
			attributes = {
				BuildIndependentTargetsInParallel = 1;
				LastSwiftUpdateCheck = 1530;
				LastUpgradeCheck = 1530;
				TargetAttributes = {
					98B622342BED7FE300E84EAD = {
						CreatedOnToolsVersion = 15.3;
					};
				};
			};
			buildConfigurationList = 98B622302BED7FE300E84EAD /* Build configuration list for PBXProject "AluraViagens" */;
			compatibilityVersion = "Xcode 14.0";
			developmentRegion = en;
			hasScannedForEncodings = 0;
			knownRegions = (
				en,
				Base,
			);
			mainGroup = 98B6222C2BED7FE300E84EAD;
			productRefGroup = 98B622362BED7FE300E84EAD /* Products */;
			projectDirPath = "";
			projectRoot = "";
			targets = (
				98B622342BED7FE300E84EAD /* AluraViagens */,
			);
		};
/* End PBXProject section */

/* Begin PBXResourcesBuildPhase section */
		98B622332BED7FE300E84EAD /* Resources */ = {
			isa = PBXResourcesBuildPhase;
			buildActionMask = 2147483647;
			files = (
				98B622422BED7FE900E84EAD /* Assets.xcassets in Resources */,
				98B6228D2BF53BF300E84EAD /* server-response.json in Resources */,
				98B6224D2BEED32400E84EAD /* HomeTableViewHeader.xib in Resources */,
				98B622452BED7FE900E84EAD /* Base in Resources */,
				98B622402BED7FE300E84EAD /* Base in Resources */,
				98B622592BF503AD00E84EAD /* ViagemTableViewCell.xib in Resources */,
			);
			runOnlyForDeploymentPostprocessing = 0;
		};
/* End PBXResourcesBuildPhase section */

/* Begin PBXSourcesBuildPhase section */
		98B622312BED7FE300E84EAD /* Sources */ = {
			isa = PBXSourcesBuildPhase;
			buildActionMask = 2147483647;
			files = (
				98B622902BF53C7A00E84EAD /* UIView+Extension.swift in Sources */,
				98B622882BF5313600E84EAD /* DecodableData.swift in Sources */,
				98B6223D2BED7FE300E84EAD /* ViewController.swift in Sources */,
				98B6226C2BF52BE000E84EAD /* ViagemDestaqueViewModel.swift in Sources */,
				98B622582BF503AD00E84EAD /* ViagemTableViewCell.swift in Sources */,
				98B622892BF5313600E84EAD /* Viagem.swift in Sources */,
				98B6226A2BF52AA000E84EAD /* ViagemViewModel.swift in Sources */,
				98B6228A2BF5313600E84EAD /* TiposDeViagens.swift in Sources */,
				98B6224F2BEED67900E84EAD /* HomeTableViewHeader.swift in Sources */,
				98B622392BED7FE300E84EAD /* AppDelegate.swift in Sources */,
				98B6223B2BED7FE300E84EAD /* SceneDelegate.swift in Sources */,
			);
			runOnlyForDeploymentPostprocessing = 0;
		};
/* End PBXSourcesBuildPhase section */

/* Begin PBXVariantGroup section */
		98B6223E2BED7FE300E84EAD /* Main.storyboard */ = {
			isa = PBXVariantGroup;
			children = (
				98B6223F2BED7FE300E84EAD /* Base */,
			);
			name = Main.storyboard;
			sourceTree = "<group>";
		};
		98B622432BED7FE900E84EAD /* LaunchScreen.storyboard */ = {
			isa = PBXVariantGroup;
			children = (
				98B622442BED7FE900E84EAD /* Base */,
			);
			name = LaunchScreen.storyboard;
			sourceTree = "<group>";
		};
/* End PBXVariantGroup section */

/* Begin XCBuildConfiguration section */
		98B622472BED7FE900E84EAD /* Debug */ = {
			isa = XCBuildConfiguration;
			buildSettings = {
				ALWAYS_SEARCH_USER_PATHS = NO;
				ASSETCATALOG_COMPILER_GENERATE_SWIFT_ASSET_SYMBOL_EXTENSIONS = YES;
				CLANG_ANALYZER_NONNULL = YES;
				CLANG_ANALYZER_NUMBER_OBJECT_CONVERSION = YES_AGGRESSIVE;
				CLANG_CXX_LANGUAGE_STANDARD = "gnu++20";
				CLANG_ENABLE_MODULES = YES;
				CLANG_ENABLE_OBJC_ARC = YES;
				CLANG_ENABLE_OBJC_WEAK = YES;
				CLANG_WARN_BLOCK_CAPTURE_AUTORELEASING = YES;
				CLANG_WARN_BOOL_CONVERSION = YES;
				CLANG_WARN_COMMA = YES;
				CLANG_WARN_CONSTANT_CONVERSION = YES;
				CLANG_WARN_DEPRECATED_OBJC_IMPLEMENTATIONS = YES;
				CLANG_WARN_DIRECT_OBJC_ISA_USAGE = YES_ERROR;
				CLANG_WARN_DOCUMENTATION_COMMENTS = YES;
				CLANG_WARN_EMPTY_BODY = YES;
				CLANG_WARN_ENUM_CONVERSION = YES;
				CLANG_WARN_INFINITE_RECURSION = YES;
				CLANG_WARN_INT_CONVERSION = YES;
				CLANG_WARN_NON_LITERAL_NULL_CONVERSION = YES;
				CLANG_WARN_OBJC_IMPLICIT_RETAIN_SELF = YES;
				CLANG_WARN_OBJC_LITERAL_CONVERSION = YES;
				CLANG_WARN_OBJC_ROOT_CLASS = YES_ERROR;
				CLANG_WARN_QUOTED_INCLUDE_IN_FRAMEWORK_HEADER = YES;
				CLANG_WARN_RANGE_LOOP_ANALYSIS = YES;
				CLANG_WARN_STRICT_PROTOTYPES = YES;
				CLANG_WARN_SUSPICIOUS_MOVE = YES;
				CLANG_WARN_UNGUARDED_AVAILABILITY = YES_AGGRESSIVE;
				CLANG_WARN_UNREACHABLE_CODE = YES;
				CLANG_WARN__DUPLICATE_METHOD_MATCH = YES;
				COPY_PHASE_STRIP = NO;
				DEBUG_INFORMATION_FORMAT = dwarf;
				ENABLE_STRICT_OBJC_MSGSEND = YES;
				ENABLE_TESTABILITY = YES;
				ENABLE_USER_SCRIPT_SANDBOXING = YES;
				GCC_C_LANGUAGE_STANDARD = gnu17;
				GCC_DYNAMIC_NO_PIC = NO;
				GCC_NO_COMMON_BLOCKS = YES;
				GCC_OPTIMIZATION_LEVEL = 0;
				GCC_PREPROCESSOR_DEFINITIONS = (
					"DEBUG=1",
					"$(inherited)",
				);
				GCC_WARN_64_TO_32_BIT_CONVERSION = YES;
				GCC_WARN_ABOUT_RETURN_TYPE = YES_ERROR;
				GCC_WARN_UNDECLARED_SELECTOR = YES;
				GCC_WARN_UNINITIALIZED_AUTOS = YES_AGGRESSIVE;
				GCC_WARN_UNUSED_FUNCTION = YES;
				GCC_WARN_UNUSED_VARIABLE = YES;
				IPHONEOS_DEPLOYMENT_TARGET = 17.4;
				LOCALIZATION_PREFERS_STRING_CATALOGS = YES;
				MTL_ENABLE_DEBUG_INFO = INCLUDE_SOURCE;
				MTL_FAST_MATH = YES;
				ONLY_ACTIVE_ARCH = YES;
				SDKROOT = iphoneos;
				SWIFT_ACTIVE_COMPILATION_CONDITIONS = "DEBUG $(inherited)";
				SWIFT_OPTIMIZATION_LEVEL = "-Onone";
			};
			name = Debug;
		};
		98B622482BED7FE900E84EAD /* Release */ = {
			isa = XCBuildConfiguration;
			buildSettings = {
				ALWAYS_SEARCH_USER_PATHS = NO;
				ASSETCATALOG_COMPILER_GENERATE_SWIFT_ASSET_SYMBOL_EXTENSIONS = YES;
				CLANG_ANALYZER_NONNULL = YES;
				CLANG_ANALYZER_NUMBER_OBJECT_CONVERSION = YES_AGGRESSIVE;
				CLANG_CXX_LANGUAGE_STANDARD = "gnu++20";
				CLANG_ENABLE_MODULES = YES;
				CLANG_ENABLE_OBJC_ARC = YES;
				CLANG_ENABLE_OBJC_WEAK = YES;
				CLANG_WARN_BLOCK_CAPTURE_AUTORELEASING = YES;
				CLANG_WARN_BOOL_CONVERSION = YES;
				CLANG_WARN_COMMA = YES;
				CLANG_WARN_CONSTANT_CONVERSION = YES;
				CLANG_WARN_DEPRECATED_OBJC_IMPLEMENTATIONS = YES;
				CLANG_WARN_DIRECT_OBJC_ISA_USAGE = YES_ERROR;
				CLANG_WARN_DOCUMENTATION_COMMENTS = YES;
				CLANG_WARN_EMPTY_BODY = YES;
				CLANG_WARN_ENUM_CONVERSION = YES;
				CLANG_WARN_INFINITE_RECURSION = YES;
				CLANG_WARN_INT_CONVERSION = YES;
				CLANG_WARN_NON_LITERAL_NULL_CONVERSION = YES;
				CLANG_WARN_OBJC_IMPLICIT_RETAIN_SELF = YES;
				CLANG_WARN_OBJC_LITERAL_CONVERSION = YES;
				CLANG_WARN_OBJC_ROOT_CLASS = YES_ERROR;
				CLANG_WARN_QUOTED_INCLUDE_IN_FRAMEWORK_HEADER = YES;
				CLANG_WARN_RANGE_LOOP_ANALYSIS = YES;
				CLANG_WARN_STRICT_PROTOTYPES = YES;
				CLANG_WARN_SUSPICIOUS_MOVE = YES;
				CLANG_WARN_UNGUARDED_AVAILABILITY = YES_AGGRESSIVE;
				CLANG_WARN_UNREACHABLE_CODE = YES;
				CLANG_WARN__DUPLICATE_METHOD_MATCH = YES;
				COPY_PHASE_STRIP = NO;
				DEBUG_INFORMATION_FORMAT = "dwarf-with-dsym";
				ENABLE_NS_ASSERTIONS = NO;
				ENABLE_STRICT_OBJC_MSGSEND = YES;
				ENABLE_USER_SCRIPT_SANDBOXING = YES;
				GCC_C_LANGUAGE_STANDARD = gnu17;
				GCC_NO_COMMON_BLOCKS = YES;
				GCC_WARN_64_TO_32_BIT_CONVERSION = YES;
				GCC_WARN_ABOUT_RETURN_TYPE = YES_ERROR;
				GCC_WARN_UNDECLARED_SELECTOR = YES;
				GCC_WARN_UNINITIALIZED_AUTOS = YES_AGGRESSIVE;
				GCC_WARN_UNUSED_FUNCTION = YES;
				GCC_WARN_UNUSED_VARIABLE = YES;
				IPHONEOS_DEPLOYMENT_TARGET = 17.4;
				LOCALIZATION_PREFERS_STRING_CATALOGS = YES;
				MTL_ENABLE_DEBUG_INFO = NO;
				MTL_FAST_MATH = YES;
				SDKROOT = iphoneos;
				SWIFT_COMPILATION_MODE = wholemodule;
				VALIDATE_PRODUCT = YES;
			};
			name = Release;
		};
		98B6224A2BED7FE900E84EAD /* Debug */ = {
			isa = XCBuildConfiguration;
			buildSettings = {
				ASSETCATALOG_COMPILER_APPICON_NAME = AppIcon;
				ASSETCATALOG_COMPILER_GLOBAL_ACCENT_COLOR_NAME = AccentColor;
				CODE_SIGN_STYLE = Automatic;
				CURRENT_PROJECT_VERSION = 1;
				GENERATE_INFOPLIST_FILE = YES;
				INFOPLIST_FILE = AluraViagens/Info.plist;
				INFOPLIST_KEY_UIApplicationSupportsIndirectInputEvents = YES;
				INFOPLIST_KEY_UILaunchStoryboardName = LaunchScreen;
				INFOPLIST_KEY_UIMainStoryboardFile = Main;
				INFOPLIST_KEY_UISupportedInterfaceOrientations_iPad = "UIInterfaceOrientationPortrait UIInterfaceOrientationPortraitUpsideDown UIInterfaceOrientationLandscapeLeft UIInterfaceOrientationLandscapeRight";
				INFOPLIST_KEY_UISupportedInterfaceOrientations_iPhone = "UIInterfaceOrientationPortrait UIInterfaceOrientationLandscapeLeft UIInterfaceOrientationLandscapeRight";
				LD_RUNPATH_SEARCH_PATHS = (
					"$(inherited)",
					"@executable_path/Frameworks",
				);
				MARKETING_VERSION = 1.0;
				PRODUCT_BUNDLE_IDENTIFIER = MonicaEismann.AluraViagens;
				PRODUCT_NAME = "$(TARGET_NAME)";
				SWIFT_EMIT_LOC_STRINGS = YES;
				SWIFT_VERSION = 5.0;
				TARGETED_DEVICE_FAMILY = "1,2";
			};
			name = Debug;
		};
		98B6224B2BED7FE900E84EAD /* Release */ = {
			isa = XCBuildConfiguration;
			buildSettings = {
				ASSETCATALOG_COMPILER_APPICON_NAME = AppIcon;
				ASSETCATALOG_COMPILER_GLOBAL_ACCENT_COLOR_NAME = AccentColor;
				CODE_SIGN_STYLE = Automatic;
				CURRENT_PROJECT_VERSION = 1;
				GENERATE_INFOPLIST_FILE = YES;
				INFOPLIST_FILE = AluraViagens/Info.plist;
				INFOPLIST_KEY_UIApplicationSupportsIndirectInputEvents = YES;
				INFOPLIST_KEY_UILaunchStoryboardName = LaunchScreen;
				INFOPLIST_KEY_UIMainStoryboardFile = Main;
				INFOPLIST_KEY_UISupportedInterfaceOrientations_iPad = "UIInterfaceOrientationPortrait UIInterfaceOrientationPortraitUpsideDown UIInterfaceOrientationLandscapeLeft UIInterfaceOrientationLandscapeRight";
				INFOPLIST_KEY_UISupportedInterfaceOrientations_iPhone = "UIInterfaceOrientationPortrait UIInterfaceOrientationLandscapeLeft UIInterfaceOrientationLandscapeRight";
				LD_RUNPATH_SEARCH_PATHS = (
					"$(inherited)",
					"@executable_path/Frameworks",
				);
				MARKETING_VERSION = 1.0;
				PRODUCT_BUNDLE_IDENTIFIER = MonicaEismann.AluraViagens;
				PRODUCT_NAME = "$(TARGET_NAME)";
				SWIFT_EMIT_LOC_STRINGS = YES;
				SWIFT_VERSION = 5.0;
				TARGETED_DEVICE_FAMILY = "1,2";
			};
			name = Release;
		};
/* End XCBuildConfiguration section */

/* Begin XCConfigurationList section */
		98B622302BED7FE300E84EAD /* Build configuration list for PBXProject "AluraViagens" */ = {
			isa = XCConfigurationList;
			buildConfigurations = (
				98B622472BED7FE900E84EAD /* Debug */,
				98B622482BED7FE900E84EAD /* Release */,
			);
			defaultConfigurationIsVisible = 0;
			defaultConfigurationName = Release;
		};
		98B622492BED7FE900E84EAD /* Build configuration list for PBXNativeTarget "AluraViagens" */ = {
			isa = XCConfigurationList;
			buildConfigurations = (
				98B6224A2BED7FE900E84EAD /* Debug */,
				98B6224B2BED7FE900E84EAD /* Release */,
			);
			defaultConfigurationIsVisible = 0;
			defaultConfigurationName = Release;
		};
/* End XCConfigurationList section */
	};
	rootObject = 98B6222D2BED7FE300E84EAD /* Project object */;
}
